
Microsoft Visual Studio Solution File, Format Version 12.00
# Visual Studio 15
Project("{FAE04EC0-301F-11D3-BF4B-00C04F79EFBC}") = "First Attempts", "Assembly-CSharp.csproj", "{C8F7FA62-E5E6-307A-D5B9-628A071C89D7}"
EndProject
Global
	GlobalSection(SolutionConfigurationPlatforms) = preSolution
		Debug|Any CPU = Debug|Any CPU
		Release|Any CPU = Release|Any CPU
	EndGlobalSection
	GlobalSection(ProjectConfigurationPlatforms) = postSolution
		{C8F7FA62-E5E6-307A-D5B9-628A071C89D7}.Debug|Any CPU.ActiveCfg = Debug|Any CPU
		{C8F7FA62-E5E6-307A-D5B9-628A071C89D7}.Debug|Any CPU.Build.0 = Debug|Any CPU
		{C8F7FA62-E5E6-307A-D5B9-628A071C89D7}.Release|Any CPU.ActiveCfg = Release|Any CPU
		{C8F7FA62-E5E6-307A-D5B9-628A071C89D7}.Release|Any CPU.Build.0 = Release|Any CPU
	EndGlobalSection
	GlobalSection(SolutionProperties) = preSolution
		HideSolutionNode = FALSE
	EndGlobalSection
EndGlobal
